// !$*UTF8*$!
{
	archiveVersion = 1;
	classes = {
	};
	objectVersion = 56;
	objects = {

/* Begin PBXBuildFile section */
		2A2969852B6C072100F17B81 /* todoApp.swift in Sources */ = {isa = PBXBuildFile; fileRef = 2A2969842B6C072100F17B81 /* todoApp.swift */; };
		2A2969872B6C072100F17B81 /* ContentView.swift in Sources */ = {isa = PBXBuildFile; fileRef = 2A2969862B6C072100F17B81 /* ContentView.swift */; };
		2A2969892B6C072200F17B81 /* Assets.xcassets in Resources */ = {isa = PBXBuildFile; fileRef = 2A2969882B6C072200F17B81 /* Assets.xcassets */; };
		2A29698C2B6C072200F17B81 /* Preview Assets.xcassets in Resources */ = {isa = PBXBuildFile; fileRef = 2A29698B2B6C072200F17B81 /* Preview Assets.xcassets */; };
		2A2969962B6C072200F17B81 /* todoTests.swift in Sources */ = {isa = PBXBuildFile; fileRef = 2A2969952B6C072200F17B81 /* todoTests.swift */; };
		2A2969A02B6C072200F17B81 /* todoUITests.swift in Sources */ = {isa = PBXBuildFile; fileRef = 2A29699F2B6C072200F17B81 /* todoUITests.swift */; };
		2A2969A22B6C072200F17B81 /* todoUITestsLaunchTests.swift in Sources */ = {isa = PBXBuildFile; fileRef = 2A2969A12B6C072200F17B81 /* todoUITestsLaunchTests.swift */; };
/* End PBXBuildFile section */

/* Begin PBXContainerItemProxy section */
		2A2969922B6C072200F17B81 /* PBXContainerItemProxy */ = {
			isa = PBXContainerItemProxy;
			containerPortal = 2A2969792B6C072100F17B81 /* Project object */;
			proxyType = 1;
			remoteGlobalIDString = 2A2969802B6C072100F17B81;
			remoteInfo = todo;
		};
		2A29699C2B6C072200F17B81 /* PBXContainerItemProxy */ = {
			isa = PBXContainerItemProxy;
			containerPortal = 2A2969792B6C072100F17B81 /* Project object */;
			proxyType = 1;
			remoteGlobalIDString = 2A2969802B6C072100F17B81;
			remoteInfo = todo;
		};
/* End PBXContainerItemProxy section */

/* Begin PBXFileReference section */
		2A2969812B6C072100F17B81 /* todo.app */ = {isa = PBXFileReference; explicitFileType = wrapper.application; includeInIndex = 0; path = todo.app; sourceTree = BUILT_PRODUCTS_DIR; };
		2A2969842B6C072100F17B81 /* todoApp.swift */ = {isa = PBXFileReference; lastKnownFileType = sourcecode.swift; path = todoApp.swift; sourceTree = "<group>"; };
		2A2969862B6C072100F17B81 /* ContentView.swift */ = {isa = PBXFileReference; lastKnownFileType = sourcecode.swift; path = ContentView.swift; sourceTree = "<group>"; };
		2A2969882B6C072200F17B81 /* Assets.xcassets */ = {isa = PBXFileReference; lastKnownFileType = folder.assetcatalog; path = Assets.xcassets; sourceTree = "<group>"; };
		2A29698B2B6C072200F17B81 /* Preview Assets.xcassets */ = {isa = PBXFileReference; lastKnownFileType = folder.assetcatalog; path = "Preview Assets.xcassets"; sourceTree = "<group>"; };
		2A2969912B6C072200F17B81 /* todoTests.xctest */ = {isa = PBXFileReference; explicitFileType = wrapper.cfbundle; includeInIndex = 0; path = todoTests.xctest; sourceTree = BUILT_PRODUCTS_DIR; };
		2A2969952B6C072200F17B81 /* todoTests.swift */ = {isa = PBXFileReference; lastKnownFileType = sourcecode.swift; path = todoTests.swift; sourceTree = "<group>"; };
		2A29699B2B6C072200F17B81 /* todoUITests.xctest */ = {isa = PBXFileReference; explicitFileType = wrapper.cfbundle; includeInIndex = 0; path = todoUITests.xctest; sourceTree = BUILT_PRODUCTS_DIR; };
		2A29699F2B6C072200F17B81 /* todoUITests.swift */ = {isa = PBXFileReference; lastKnownFileType = sourcecode.swift; path = todoUITests.swift; sourceTree = "<group>"; };
		2A2969A12B6C072200F17B81 /* todoUITestsLaunchTests.swift */ = {isa = PBXFileReference; lastKnownFileType = sourcecode.swift; path = todoUITestsLaunchTests.swift; sourceTree = "<group>"; };
/* End PBXFileReference section */

/* Begin PBXFrameworksBuildPhase section */
		2A29697E2B6C072100F17B81 /* Frameworks */ = {
			isa = PBXFrameworksBuildPhase;
			buildActionMask = 2147483647;
			files = (
			);
			runOnlyForDeploymentPostprocessing = 0;
		};
		2A29698E2B6C072200F17B81 /* Frameworks */ = {
			isa = PBXFrameworksBuildPhase;
			buildActionMask = 2147483647;
			files = (
			);
			runOnlyForDeploymentPostprocessing = 0;
		};
		2A2969982B6C072200F17B81 /* Frameworks */ = {
			isa = PBXFrameworksBuildPhase;
			buildActionMask = 2147483647;
			files = (
			);
			runOnlyForDeploymentPostprocessing = 0;
		};
/* End PBXFrameworksBuildPhase section */

/* Begin PBXGroup section */
		2A2969782B6C072100F17B81 = {
			isa = PBXGroup;
			children = (
				2A2969832B6C072100F17B81 /* todo */,
				2A2969942B6C072200F17B81 /* todoTests */,
				2A29699E2B6C072200F17B81 /* todoUITests */,
				2A2969822B6C072100F17B81 /* Products */,
			);
			sourceTree = "<group>";
		};
		2A2969822B6C072100F17B81 /* Products */ = {
			isa = PBXGroup;
			children = (
				2A2969812B6C072100F17B81 /* todo.app */,
				2A2969912B6C072200F17B81 /* todoTests.xctest */,
				2A29699B2B6C072200F17B81 /* todoUITests.xctest */,
			);
			name = Products;
			sourceTree = "<group>";
		};
		2A2969832B6C072100F17B81 /* todo */ = {
			isa = PBXGroup;
			children = (
				2A2969842B6C072100F17B81 /* todoApp.swift */,
				2A2969862B6C072100F17B81 /* ContentView.swift */,
				2A2969882B6C072200F17B81 /* Assets.xcassets */,
				2A29698A2B6C072200F17B81 /* Preview Content */,
			);
			path = todo;
			sourceTree = "<group>";
		};
		2A29698A2B6C072200F17B81 /* Preview Content */ = {
			isa = PBXGroup;
			children = (
				2A29698B2B6C072200F17B81 /* Preview Assets.xcassets */,
			);
			path = "Preview Content";
			sourceTree = "<group>";
		};
		2A2969942B6C072200F17B81 /* todoTests */ = {
			isa = PBXGroup;
			children = (
				2A2969952B6C072200F17B81 /* todoTests.swift */,
			);
			path = todoTests;
			sourceTree = "<group>";
		};
		2A29699E2B6C072200F17B81 /* todoUITests */ = {
			isa = PBXGroup;
			children = (
				2A29699F2B6C072200F17B81 /* todoUITests.swift */,
				2A2969A12B6C072200F17B81 /* todoUITestsLaunchTests.swift */,
			);
			path = todoUITests;
			sourceTree = "<group>";
		};
/* End PBXGroup section */

/* Begin PBXNativeTarget section */
		2A2969802B6C072100F17B81 /* todo */ = {
			isa = PBXNativeTarget;
			buildConfigurationList = 2A2969A52B6C072200F17B81 /* Build configuration list for PBXNativeTarget "todo" */;
			buildPhases = (
				2A29697D2B6C072100F17B81 /* Sources */,
				2A29697E2B6C072100F17B81 /* Frameworks */,
				2A29697F2B6C072100F17B81 /* Resources */,
			);
			buildRules = (
			);
			dependencies = (
			);
			name = todo;
			productName = todo;
			productReference = 2A2969812B6C072100F17B81 /* todo.app */;
			productType = "com.apple.product-type.application";
		};
		2A2969902B6C072200F17B81 /* todoTests */ = {
			isa = PBXNativeTarget;
			buildConfigurationList = 2A2969A82B6C072200F17B81 /* Build configuration list for PBXNativeTarget "todoTests" */;
			buildPhases = (
				2A29698D2B6C072200F17B81 /* Sources */,
				2A29698E2B6C072200F17B81 /* Frameworks */,
				2A29698F2B6C072200F17B81 /* Resources */,
			);
			buildRules = (
			);
			dependencies = (
				2A2969932B6C072200F17B81 /* PBXTargetDependency */,
			);
			name = todoTests;
			productName = todoTests;
			productReference = 2A2969912B6C072200F17B81 /* todoTests.xctest */;
			productType = "com.apple.product-type.bundle.unit-test";
		};
		2A29699A2B6C072200F17B81 /* todoUITests */ = {
			isa = PBXNativeTarget;
			buildConfigurationList = 2A2969AB2B6C072200F17B81 /* Build configuration list for PBXNativeTarget "todoUITests" */;
			buildPhases = (
				2A2969972B6C072200F17B81 /* Sources */,
				2A2969982B6C072200F17B81 /* Frameworks */,
				2A2969992B6C072200F17B81 /* Resources */,
			);
			buildRules = (
			);
			dependencies = (
				2A29699D2B6C072200F17B81 /* PBXTargetDependency */,
			);
			name = todoUITests;
			productName = todoUITests;
			productReference = 2A29699B2B6C072200F17B81 /* todoUITests.xctest */;
			productType = "com.apple.product-type.bundle.ui-testing";
		};
/* End PBXNativeTarget section */

/* Begin PBXProject section */
		2A2969792B6C072100F17B81 /* Project object */ = {
			isa = PBXProject;
			attributes = {
				BuildIndependentTargetsInParallel = 1;
				LastSwiftUpdateCheck = 1520;
				LastUpgradeCheck = 1520;
				TargetAttributes = {
					2A2969802B6C072100F17B81 = {
						CreatedOnToolsVersion = 15.2;
					};
					2A2969902B6C072200F17B81 = {
						CreatedOnToolsVersion = 15.2;
						TestTargetID = 2A2969802B6C072100F17B81;
					};
					2A29699A2B6C072200F17B81 = {
						CreatedOnToolsVersion = 15.2;
						TestTargetID = 2A2969802B6C072100F17B81;
					};
				};
			};
			buildConfigurationList = 2A29697C2B6C072100F17B81 /* Build configuration list for PBXProject "todo" */;
			compatibilityVersion = "Xcode 14.0";
			developmentRegion = en;
			hasScannedForEncodings = 0;
			knownRegions = (
				en,
				Base,
			);
			mainGroup = 2A2969782B6C072100F17B81;
			productRefGroup = 2A2969822B6C072100F17B81 /* Products */;
			projectDirPath = "";
			projectRoot = "";
			targets = (
				2A2969802B6C072100F17B81 /* todo */,
				2A2969902B6C072200F17B81 /* todoTests */,
				2A29699A2B6C072200F17B81 /* todoUITests */,
			);
		};
/* End PBXProject section */

/* Begin PBXResourcesBuildPhase section */
		2A29697F2B6C072100F17B81 /* Resources */ = {
			isa = PBXResourcesBuildPhase;
			buildActionMask = 2147483647;
			files = (
				2A29698C2B6C072200F17B81 /* Preview Assets.xcassets in Resources */,
				2A2969892B6C072200F17B81 /* Assets.xcassets in Resources */,
			);
			runOnlyForDeploymentPostprocessing = 0;
		};
		2A29698F2B6C072200F17B81 /* Resources */ = {
			isa = PBXResourcesBuildPhase;
			buildActionMask = 2147483647;
			files = (
			);
			runOnlyForDeploymentPostprocessing = 0;
		};
		2A2969992B6C072200F17B81 /* Resources */ = {
			isa = PBXResourcesBuildPhase;
			buildActionMask = 2147483647;
			files = (
			);
			runOnlyForDeploymentPostprocessing = 0;
		};
/* End PBXResourcesBuildPhase section */

/* Begin PBXSourcesBuildPhase section */
		2A29697D2B6C072100F17B81 /* Sources */ = {
			isa = PBXSourcesBuildPhase;
			buildActionMask = 2147483647;
			files = (
				2A2969872B6C072100F17B81 /* ContentView.swift in Sources */,
				2A2969852B6C072100F17B81 /* todoApp.swift in Sources */,
			);
			runOnlyForDeploymentPostprocessing = 0;
		};
		2A29698D2B6C072200F17B81 /* Sources */ = {
			isa = PBXSourcesBuildPhase;
			buildActionMask = 2147483647;
			files = (
				2A2969962B6C072200F17B81 /* todoTests.swift in Sources */,
			);
			runOnlyForDeploymentPostprocessing = 0;
		};
		2A2969972B6C072200F17B81 /* Sources */ = {
			isa = PBXSourcesBuildPhase;
			buildActionMask = 2147483647;
			files = (
				2A2969A22B6C072200F17B81 /* todoUITestsLaunchTests.swift in Sources */,
				2A2969A02B6C072200F17B81 /* todoUITests.swift in Sources */,
			);
			runOnlyForDeploymentPostprocessing = 0;
		};
/* End PBXSourcesBuildPhase section */

/* Begin PBXTargetDependency section */
		2A2969932B6C072200F17B81 /* PBXTargetDependency */ = {
			isa = PBXTargetDependency;
			target = 2A2969802B6C072100F17B81 /* todo */;
			targetProxy = 2A2969922B6C072200F17B81 /* PBXContainerItemProxy */;
		};
		2A29699D2B6C072200F17B81 /* PBXTargetDependency */ = {
			isa = PBXTargetDependency;
			target = 2A2969802B6C072100F17B81 /* todo */;
			targetProxy = 2A29699C2B6C072200F17B81 /* PBXContainerItemProxy */;
		};
/* End PBXTargetDependency section */

/* Begin XCBuildConfiguration section */
		2A2969A32B6C072200F17B81 /* Debug */ = {
			isa = XCBuildConfiguration;
			buildSettings = {
				ALWAYS_SEARCH_USER_PATHS = NO;
				ASSETCATALOG_COMPILER_GENERATE_SWIFT_ASSET_SYMBOL_EXTENSIONS = YES;
				CLANG_ANALYZER_NONNULL = YES;
				CLANG_ANALYZER_NUMBER_OBJECT_CONVERSION = YES_AGGRESSIVE;
				CLANG_CXX_LANGUAGE_STANDARD = "gnu++20";
				CLANG_ENABLE_MODULES = YES;
				CLANG_ENABLE_OBJC_ARC = YES;
				CLANG_ENABLE_OBJC_WEAK = YES;
				CLANG_WARN_BLOCK_CAPTURE_AUTORELEASING = YES;
				CLANG_WARN_BOOL_CONVERSION = YES;
				CLANG_WARN_COMMA = YES;
				CLANG_WARN_CONSTANT_CONVERSION = YES;
				CLANG_WARN_DEPRECATED_OBJC_IMPLEMENTATIONS = YES;
				CLANG_WARN_DIRECT_OBJC_ISA_USAGE = YES_ERROR;
				CLANG_WARN_DOCUMENTATION_COMMENTS = YES;
				CLANG_WARN_EMPTY_BODY = YES;
				CLANG_WARN_ENUM_CONVERSION = YES;
				CLANG_WARN_INFINITE_RECURSION = YES;
				CLANG_WARN_INT_CONVERSION = YES;
				CLANG_WARN_NON_LITERAL_NULL_CONVERSION = YES;
				CLANG_WARN_OBJC_IMPLICIT_RETAIN_SELF = YES;
				CLANG_WARN_OBJC_LITERAL_CONVERSION = YES;
				CLANG_WARN_OBJC_ROOT_CLASS = YES_ERROR;
				CLANG_WARN_QUOTED_INCLUDE_IN_FRAMEWORK_HEADER = YES;
				CLANG_WARN_RANGE_LOOP_ANALYSIS = YES;
				CLANG_WARN_STRICT_PROTOTYPES = YES;
				CLANG_WARN_SUSPICIOUS_MOVE = YES;
				CLANG_WARN_UNGUARDED_AVAILABILITY = YES_AGGRESSIVE;
				CLANG_WARN_UNREACHABLE_CODE = YES;
				CLANG_WARN__DUPLICATE_METHOD_MATCH = YES;
				COPY_PHASE_STRIP = NO;
				DEBUG_INFORMATION_FORMAT = dwarf;
				ENABLE_STRICT_OBJC_MSGSEND = YES;
				ENABLE_TESTABILITY = YES;
				ENABLE_USER_SCRIPT_SANDBOXING = YES;
				GCC_C_LANGUAGE_STANDARD = gnu17;
				GCC_DYNAMIC_NO_PIC = NO;
				GCC_NO_COMMON_BLOCKS = YES;
				GCC_OPTIMIZATION_LEVEL = 0;
				GCC_PREPROCESSOR_DEFINITIONS = (
					"DEBUG=1",
					"$(inherited)",
				);
				GCC_WARN_64_TO_32_BIT_CONVERSION = YES;
				GCC_WARN_ABOUT_RETURN_TYPE = YES_ERROR;
				GCC_WARN_UNDECLARED_SELECTOR = YES;
				GCC_WARN_UNINITIALIZED_AUTOS = YES_AGGRESSIVE;
				GCC_WARN_UNUSED_FUNCTION = YES;
				GCC_WARN_UNUSED_VARIABLE = YES;
				IPHONEOS_DEPLOYMENT_TARGET = 17.2;
				LOCALIZATION_PREFERS_STRING_CATALOGS = YES;
				MTL_ENABLE_DEBUG_INFO = INCLUDE_SOURCE;
				MTL_FAST_MATH = YES;
				ONLY_ACTIVE_ARCH = YES;
				SDKROOT = iphoneos;
				SWIFT_ACTIVE_COMPILATION_CONDITIONS = "DEBUG $(inherited)";
				SWIFT_OPTIMIZATION_LEVEL = "-Onone";
			};
			name = Debug;
		};
		2A2969A42B6C072200F17B81 /* Release */ = {
			isa = XCBuildConfiguration;
			buildSettings = {
				ALWAYS_SEARCH_USER_PATHS = NO;
				ASSETCATALOG_COMPILER_GENERATE_SWIFT_ASSET_SYMBOL_EXTENSIONS = YES;
				CLANG_ANALYZER_NONNULL = YES;
				CLANG_ANALYZER_NUMBER_OBJECT_CONVERSION = YES_AGGRESSIVE;
				CLANG_CXX_LANGUAGE_STANDARD = "gnu++20";
				CLANG_ENABLE_MODULES = YES;
				CLANG_ENABLE_OBJC_ARC = YES;
				CLANG_ENABLE_OBJC_WEAK = YES;
				CLANG_WARN_BLOCK_CAPTURE_AUTORELEASING = YES;
				CLANG_WARN_BOOL_CONVERSION = YES;
				CLANG_WARN_COMMA = YES;
				CLANG_WARN_CONSTANT_CONVERSION = YES;
				CLANG_WARN_DEPRECATED_OBJC_IMPLEMENTATIONS = YES;
				CLANG_WARN_DIRECT_OBJC_ISA_USAGE = YES_ERROR;
				CLANG_WARN_DOCUMENTATION_COMMENTS = YES;
				CLANG_WARN_EMPTY_BODY = YES;
				CLANG_WARN_ENUM_CONVERSION = YES;
				CLANG_WARN_INFINITE_RECURSION = YES;
				CLANG_WARN_INT_CONVERSION = YES;
				CLANG_WARN_NON_LITERAL_NULL_CONVERSION = YES;
				CLANG_WARN_OBJC_IMPLICIT_RETAIN_SELF = YES;
				CLANG_WARN_OBJC_LITERAL_CONVERSION = YES;
				CLANG_WARN_OBJC_ROOT_CLASS = YES_ERROR;
				CLANG_WARN_QUOTED_INCLUDE_IN_FRAMEWORK_HEADER = YES;
				CLANG_WARN_RANGE_LOOP_ANALYSIS = YES;
				CLANG_WARN_STRICT_PROTOTYPES = YES;
				CLANG_WARN_SUSPICIOUS_MOVE = YES;
				CLANG_WARN_UNGUARDED_AVAILABILITY = YES_AGGRESSIVE;
				CLANG_WARN_UNREACHABLE_CODE = YES;
				CLANG_WARN__DUPLICATE_METHOD_MATCH = YES;
				COPY_PHASE_STRIP = NO;
				DEBUG_INFORMATION_FORMAT = "dwarf-with-dsym";
				ENABLE_NS_ASSERTIONS = NO;
				ENABLE_STRICT_OBJC_MSGSEND = YES;
				ENABLE_USER_SCRIPT_SANDBOXING = YES;
				GCC_C_LANGUAGE_STANDARD = gnu17;
				GCC_NO_COMMON_BLOCKS = YES;
				GCC_WARN_64_TO_32_BIT_CONVERSION = YES;
				GCC_WARN_ABOUT_RETURN_TYPE = YES_ERROR;
				GCC_WARN_UNDECLARED_SELECTOR = YES;
				GCC_WARN_UNINITIALIZED_AUTOS = YES_AGGRESSIVE;
				GCC_WARN_UNUSED_FUNCTION = YES;
				GCC_WARN_UNUSED_VARIABLE = YES;
				IPHONEOS_DEPLOYMENT_TARGET = 17.2;
				LOCALIZATION_PREFERS_STRING_CATALOGS = YES;
				MTL_ENABLE_DEBUG_INFO = NO;
				MTL_FAST_MATH = YES;
				SDKROOT = iphoneos;
				SWIFT_COMPILATION_MODE = wholemodule;
				VALIDATE_PRODUCT = YES;
			};
			name = Release;
		};
		2A2969A62B6C072200F17B81 /* Debug */ = {
			isa = XCBuildConfiguration;
			buildSettings = {
				ASSETCATALOG_COMPILER_APPICON_NAME = AppIcon;
				ASSETCATALOG_COMPILER_GLOBAL_ACCENT_COLOR_NAME = AccentColor;
				CODE_SIGN_STYLE = Automatic;
				CURRENT_PROJECT_VERSION = 1;
				DEVELOPMENT_ASSET_PATHS = "\"todo/Preview Content\"";
				ENABLE_PREVIEWS = YES;
				GENERATE_INFOPLIST_FILE = YES;
				INFOPLIST_KEY_UIApplicationSceneManifest_Generation = YES;
				INFOPLIST_KEY_UIApplicationSupportsIndirectInputEvents = YES;
				INFOPLIST_KEY_UILaunchScreen_Generation = YES;
				INFOPLIST_KEY_UISupportedInterfaceOrientations_iPad = "UIInterfaceOrientationPortrait UIInterfaceOrientationPortraitUpsideDown UIInterfaceOrientationLandscapeLeft UIInterfaceOrientationLandscapeRight";
				INFOPLIST_KEY_UISupportedInterfaceOrientations_iPhone = "UIInterfaceOrientationPortrait UIInterfaceOrientationLandscapeLeft UIInterfaceOrientationLandscapeRight";
				LD_RUNPATH_SEARCH_PATHS = (
					"$(inherited)",
					"@executable_path/Frameworks",
				);
				MARKETING_VERSION = 1.0;
				PRODUCT_BUNDLE_IDENTIFIER = com.ladohada.todo;
				PRODUCT_NAME = "$(TARGET_NAME)";
				SWIFT_EMIT_LOC_STRINGS = YES;
				SWIFT_VERSION = 5.0;
				TARGETED_DEVICE_FAMILY = "1,2";
			};
			name = Debug;
		};
		2A2969A72B6C072200F17B81 /* Release */ = {
			isa = XCBuildConfiguration;
			buildSettings = {
				ASSETCATALOG_COMPILER_APPICON_NAME = AppIcon;
				ASSETCATALOG_COMPILER_GLOBAL_ACCENT_COLOR_NAME = AccentColor;
				CODE_SIGN_STYLE = Automatic;
				CURRENT_PROJECT_VERSION = 1;
				DEVELOPMENT_ASSET_PATHS = "\"todo/Preview Content\"";
				ENABLE_PREVIEWS = YES;
				GENERATE_INFOPLIST_FILE = YES;
				INFOPLIST_KEY_UIApplicationSceneManifest_Generation = YES;
				INFOPLIST_KEY_UIApplicationSupportsIndirectInputEvents = YES;
				INFOPLIST_KEY_UILaunchScreen_Generation = YES;
				INFOPLIST_KEY_UISupportedInterfaceOrientations_iPad = "UIInterfaceOrientationPortrait UIInterfaceOrientationPortraitUpsideDown UIInterfaceOrientationLandscapeLeft UIInterfaceOrientationLandscapeRight";
				INFOPLIST_KEY_UISupportedInterfaceOrientations_iPhone = "UIInterfaceOrientationPortrait UIInterfaceOrientationLandscapeLeft UIInterfaceOrientationLandscapeRight";
				LD_RUNPATH_SEARCH_PATHS = (
					"$(inherited)",
					"@executable_path/Frameworks",
				);
				MARKETING_VERSION = 1.0;
				PRODUCT_BUNDLE_IDENTIFIER = com.ladohada.todo;
				PRODUCT_NAME = "$(TARGET_NAME)";
				SWIFT_EMIT_LOC_STRINGS = YES;
				SWIFT_VERSION = 5.0;
				TARGETED_DEVICE_FAMILY = "1,2";
			};
			name = Release;
		};
		2A2969A92B6C072200F17B81 /* Debug */ = {
			isa = XCBuildConfiguration;
			buildSettings = {
				ALWAYS_EMBED_SWIFT_STANDARD_LIBRARIES = YES;
				BUNDLE_LOADER = "$(TEST_HOST)";
				CODE_SIGN_STYLE = Automatic;
				CURRENT_PROJECT_VERSION = 1;
				GENERATE_INFOPLIST_FILE = YES;
				IPHONEOS_DEPLOYMENT_TARGET = 17.2;
				MARKETING_VERSION = 1.0;
				PRODUCT_BUNDLE_IDENTIFIER = com.ladohada.todoTests;
				PRODUCT_NAME = "$(TARGET_NAME)";
				SWIFT_EMIT_LOC_STRINGS = NO;
				SWIFT_VERSION = 5.0;
				TARGETED_DEVICE_FAMILY = "1,2";
				TEST_HOST = "$(BUILT_PRODUCTS_DIR)/todo.app/$(BUNDLE_EXECUTABLE_FOLDER_PATH)/todo";
			};
			name = Debug;
		};
		2A2969AA2B6C072200F17B81 /* Release */ = {
			isa = XCBuildConfiguration;
			buildSettings = {
				ALWAYS_EMBED_SWIFT_STANDARD_LIBRARIES = YES;
				BUNDLE_LOADER = "$(TEST_HOST)";
				CODE_SIGN_STYLE = Automatic;
				CURRENT_PROJECT_VERSION = 1;
				GENERATE_INFOPLIST_FILE = YES;
				IPHONEOS_DEPLOYMENT_TARGET = 17.2;
				MARKETING_VERSION = 1.0;
				PRODUCT_BUNDLE_IDENTIFIER = com.ladohada.todoTests;
				PRODUCT_NAME = "$(TARGET_NAME)";
				SWIFT_EMIT_LOC_STRINGS = NO;
				SWIFT_VERSION = 5.0;
				TARGETED_DEVICE_FAMILY = "1,2";
				TEST_HOST = "$(BUILT_PRODUCTS_DIR)/todo.app/$(BUNDLE_EXECUTABLE_FOLDER_PATH)/todo";
			};
			name = Release;
		};
		2A2969AC2B6C072200F17B81 /* Debug */ = {
			isa = XCBuildConfiguration;
			buildSettings = {
				ALWAYS_EMBED_SWIFT_STANDARD_LIBRARIES = YES;
				CODE_SIGN_STYLE = Automatic;
				CURRENT_PROJECT_VERSION = 1;
				GENERATE_INFOPLIST_FILE = YES;
				MARKETING_VERSION = 1.0;
				PRODUCT_BUNDLE_IDENTIFIER = com.ladohada.todoUITests;
				PRODUCT_NAME = "$(TARGET_NAME)";
				SWIFT_EMIT_LOC_STRINGS = NO;
				SWIFT_VERSION = 5.0;
				TARGETED_DEVICE_FAMILY = "1,2";
				TEST_TARGET_NAME = todo;
			};
			name = Debug;
		};
		2A2969AD2B6C072200F17B81 /* Release */ = {
			isa = XCBuildConfiguration;
			buildSettings = {
				ALWAYS_EMBED_SWIFT_STANDARD_LIBRARIES = YES;
				CODE_SIGN_STYLE = Automatic;
				CURRENT_PROJECT_VERSION = 1;
				GENERATE_INFOPLIST_FILE = YES;
				MARKETING_VERSION = 1.0;
				PRODUCT_BUNDLE_IDENTIFIER = com.ladohada.todoUITests;
				PRODUCT_NAME = "$(TARGET_NAME)";
				SWIFT_EMIT_LOC_STRINGS = NO;
				SWIFT_VERSION = 5.0;
				TARGETED_DEVICE_FAMILY = "1,2";
				TEST_TARGET_NAME = todo;
			};
			name = Release;
		};
/* End XCBuildConfiguration section */

/* Begin XCConfigurationList section */
		2A29697C2B6C072100F17B81 /* Build configuration list for PBXProject "todo" */ = {
			isa = XCConfigurationList;
			buildConfigurations = (
				2A2969A32B6C072200F17B81 /* Debug */,
				2A2969A42B6C072200F17B81 /* Release */,
			);
			defaultConfigurationIsVisible = 0;
			defaultConfigurationName = Release;
		};
		2A2969A52B6C072200F17B81 /* Build configuration list for PBXNativeTarget "todo" */ = {
			isa = XCConfigurationList;
			buildConfigurations = (
				2A2969A62B6C072200F17B81 /* Debug */,
				2A2969A72B6C072200F17B81 /* Release */,
			);
			defaultConfigurationIsVisible = 0;
			defaultConfigurationName = Release;
		};
		2A2969A82B6C072200F17B81 /* Build configuration list for PBXNativeTarget "todoTests" */ = {
			isa = XCConfigurationList;
			buildConfigurations = (
				2A2969A92B6C072200F17B81 /* Debug */,
				2A2969AA2B6C072200F17B81 /* Release */,
			);
			defaultConfigurationIsVisible = 0;
			defaultConfigurationName = Release;
		};
		2A2969AB2B6C072200F17B81 /* Build configuration list for PBXNativeTarget "todoUITests" */ = {
			isa = XCConfigurationList;
			buildConfigurations = (
				2A2969AC2B6C072200F17B81 /* Debug */,
				2A2969AD2B6C072200F17B81 /* Release */,
			);
			defaultConfigurationIsVisible = 0;
			defaultConfigurationName = Release;
		};
/* End XCConfigurationList section */
	};
	rootObject = 2A2969792B6C072100F17B81 /* Project object */;
}
